
Microsoft Visual Studio Solution File, Format Version 12.00
Project("{FAE04EC0-301F-11D3-BF4B-00C04F79EFBC}") = "project", "project\project.csproj", "{338C6003-630B-48BE-B7E5-7FDF6F014E40}"
EndProject
Project("{FAE04EC0-301F-11D3-BF4B-00C04F79EFBC}") = "Tests", "Tests\Tests.csproj", "{2E2BA383-7A64-46F5-B73F-25E55358341B}"
EndProject
Global
	GlobalSection(SolutionConfigurationPlatforms) = preSolution
		Debug|Any CPU = Debug|Any CPU
		Release|Any CPU = Release|Any CPU
	EndGlobalSection
	GlobalSection(ProjectConfigurationPlatforms) = postSolution
		{338C6003-630B-48BE-B7E5-7FDF6F014E40}.Debug|Any CPU.ActiveCfg = Debug|Any CPU
		{338C6003-630B-48BE-B7E5-7FDF6F014E40}.Debug|Any CPU.Build.0 = Debug|Any CPU
		{338C6003-630B-48BE-B7E5-7FDF6F014E40}.Release|Any CPU.ActiveCfg = Release|Any CPU
		{338C6003-630B-48BE-B7E5-7FDF6F014E40}.Release|Any CPU.Build.0 = Release|Any CPU
		{2E2BA383-7A64-46F5-B73F-25E55358341B}.Debug|Any CPU.ActiveCfg = Debug|Any CPU
		{2E2BA383-7A64-46F5-B73F-25E55358341B}.Debug|Any CPU.Build.0 = Debug|Any CPU
		{2E2BA383-7A64-46F5-B73F-25E55358341B}.Release|Any CPU.ActiveCfg = Release|Any CPU
		{2E2BA383-7A64-46F5-B73F-25E55358341B}.Release|Any CPU.Build.0 = Release|Any CPU
	EndGlobalSection
EndGlobal
